
Microsoft Visual Studio Solution File, Format Version 12.00
# Visual Studio Version 16
VisualStudioVersion = 16.0.31702.278
MinimumVisualStudioVersion = 10.0.40219.1
Project("{FAE04EC0-301F-11D3-BF4B-00C04F79EFBC}") = "Orion2.0", "Orion2.0\Orion2.0.csproj", "{49C28F20-A052-40AB-ACDA-BF75183DF49A}"
EndProject
Global
	GlobalSection(SolutionConfigurationPlatforms) = preSolution
		Debug|Any CPU = Debug|Any CPU
		Release|Any CPU = Release|Any CPU
	EndGlobalSection
	GlobalSection(ProjectConfigurationPlatforms) = postSolution
		{49C28F20-A052-40AB-ACDA-BF75183DF49A}.Debug|Any CPU.ActiveCfg = Debug|Any CPU
		{49C28F20-A052-40AB-ACDA-BF75183DF49A}.Debug|Any CPU.Build.0 = Debug|Any CPU
		{49C28F20-A052-40AB-ACDA-BF75183DF49A}.Release|Any CPU.ActiveCfg = Release|Any CPU
		{49C28F20-A052-40AB-ACDA-BF75183DF49A}.Release|Any CPU.Build.0 = Release|Any CPU
	EndGlobalSection
	GlobalSection(SolutionProperties) = preSolution
		HideSolutionNode = FALSE
	EndGlobalSection
	GlobalSection(ExtensibilityGlobals) = postSolution
		SolutionGuid = {6987287B-7DC6-4E3A-BC14-9576E959B1AC}
	EndGlobalSection
EndGlobal
